
Microsoft Visual Studio Solution File, Format Version 12.00
# Visual Studio Version 16
VisualStudioVersion = 16.0.31702.278
MinimumVisualStudioVersion = 10.0.40219.1
Project("{FAE04EC0-301F-11D3-BF4B-00C04F79EFBC}") = "OblOpgave2", "OblOpgave2\OblOpgave2.csproj", "{3E68938D-3004-4153-9025-922E40D84A97}"
EndProject
Global
	GlobalSection(SolutionConfigurationPlatforms) = preSolution
		Debug|Any CPU = Debug|Any CPU
		Release|Any CPU = Release|Any CPU
	EndGlobalSection
	GlobalSection(ProjectConfigurationPlatforms) = postSolution
		{3E68938D-3004-4153-9025-922E40D84A97}.Debug|Any CPU.ActiveCfg = Debug|Any CPU
		{3E68938D-3004-4153-9025-922E40D84A97}.Debug|Any CPU.Build.0 = Debug|Any CPU
		{3E68938D-3004-4153-9025-922E40D84A97}.Release|Any CPU.ActiveCfg = Release|Any CPU
		{3E68938D-3004-4153-9025-922E40D84A97}.Release|Any CPU.Build.0 = Release|Any CPU
	EndGlobalSection
	GlobalSection(SolutionProperties) = preSolution
		HideSolutionNode = FALSE
	EndGlobalSection
	GlobalSection(ExtensibilityGlobals) = postSolution
		SolutionGuid = {4769F7B3-59F5-4298-8A57-0102FF30D2E7}
	EndGlobalSection
EndGlobal
